
Microsoft Visual Studio Solution File, Format Version 12.00
# Visual Studio 15
VisualStudioVersion = 15.0.28307.329
MinimumVisualStudioVersion = 10.0.40219.1
Project("{FAE04EC0-301F-11D3-BF4B-00C04F79EFBC}") = "DataCen", "DataCen\DataCen.csproj", "{D6E9939B-4322-4F47-81F6-951D14F9FA15}"
EndProject
Global
	GlobalSection(SolutionConfigurationPlatforms) = preSolution
		Debug|Any CPU = Debug|Any CPU
		Release|Any CPU = Release|Any CPU
	EndGlobalSection
	GlobalSection(ProjectConfigurationPlatforms) = postSolution
		{D6E9939B-4322-4F47-81F6-951D14F9FA15}.Debug|Any CPU.ActiveCfg = Debug|Any CPU
		{D6E9939B-4322-4F47-81F6-951D14F9FA15}.Debug|Any CPU.Build.0 = Debug|Any CPU
		{D6E9939B-4322-4F47-81F6-951D14F9FA15}.Release|Any CPU.ActiveCfg = Release|Any CPU
		{D6E9939B-4322-4F47-81F6-951D14F9FA15}.Release|Any CPU.Build.0 = Release|Any CPU
	EndGlobalSection
	GlobalSection(SolutionProperties) = preSolution
		HideSolutionNode = FALSE
	EndGlobalSection
	GlobalSection(ExtensibilityGlobals) = postSolution
		SolutionGuid = {3CFA632D-3AE0-4D3D-9C1C-680A97979B90}
	EndGlobalSection
EndGlobal
